
Microsoft Visual Studio Solution File, Format Version 12.00
# Visual Studio Version 16
VisualStudioVersion = 16.0.31112.23
MinimumVisualStudioVersion = 10.0.40219.1
Project("{9A19103F-16F7-4668-BE54-9A1E7A4F7556}") = "streaming-tools", "streaming-tools\streaming-tools.csproj", "{6E638F3A-29A7-48DD-9A47-FBF555B9C675}"
EndProject
Project("{2150E333-8FDC-42A3-9474-1A3956D46DE8}") = "Solution Items", "Solution Items", "{D6504830-936C-4DB1-9FD4-EF1B8B4B27D7}"
	ProjectSection(SolutionItems) = preProject
		.editorconfig = .editorconfig
	EndProjectSection
EndProject
Project("{FAE04EC0-301F-11D3-BF4B-00C04F79EFBC}") = "WindowsKeyboardHook", "WindowsKeyboardHook\WindowsKeyboardHook.csproj", "{C4F3842E-9D70-4EBF-BACF-543FD65F764A}"
EndProject
Global
	GlobalSection(SolutionConfigurationPlatforms) = preSolution
		Debug|Any CPU = Debug|Any CPU
		Debug|x64 = Debug|x64
		Release|Any CPU = Release|Any CPU
		Release|x64 = Release|x64
	EndGlobalSection
	GlobalSection(ProjectConfigurationPlatforms) = postSolution
		{6E638F3A-29A7-48DD-9A47-FBF555B9C675}.Debug|Any CPU.ActiveCfg = Debug|Any CPU
		{6E638F3A-29A7-48DD-9A47-FBF555B9C675}.Debug|Any CPU.Build.0 = Debug|Any CPU
		{6E638F3A-29A7-48DD-9A47-FBF555B9C675}.Debug|x64.ActiveCfg = Debug|x64
		{6E638F3A-29A7-48DD-9A47-FBF555B9C675}.Debug|x64.Build.0 = Debug|x64
		{6E638F3A-29A7-48DD-9A47-FBF555B9C675}.Release|Any CPU.ActiveCfg = Release|Any CPU
		{6E638F3A-29A7-48DD-9A47-FBF555B9C675}.Release|Any CPU.Build.0 = Release|Any CPU
		{6E638F3A-29A7-48DD-9A47-FBF555B9C675}.Release|x64.ActiveCfg = Release|x64
		{6E638F3A-29A7-48DD-9A47-FBF555B9C675}.Release|x64.Build.0 = Release|x64
		{C4F3842E-9D70-4EBF-BACF-543FD65F764A}.Debug|Any CPU.ActiveCfg = Debug|Any CPU
		{C4F3842E-9D70-4EBF-BACF-543FD65F764A}.Debug|Any CPU.Build.0 = Debug|Any CPU
		{C4F3842E-9D70-4EBF-BACF-543FD65F764A}.Debug|x64.ActiveCfg = Debug|Any CPU
		{C4F3842E-9D70-4EBF-BACF-543FD65F764A}.Debug|x64.Build.0 = Debug|Any CPU
		{C4F3842E-9D70-4EBF-BACF-543FD65F764A}.Release|Any CPU.ActiveCfg = Release|Any CPU
		{C4F3842E-9D70-4EBF-BACF-543FD65F764A}.Release|Any CPU.Build.0 = Release|Any CPU
		{C4F3842E-9D70-4EBF-BACF-543FD65F764A}.Release|x64.ActiveCfg = Release|Any CPU
		{C4F3842E-9D70-4EBF-BACF-543FD65F764A}.Release|x64.Build.0 = Release|Any CPU
	EndGlobalSection
	GlobalSection(SolutionProperties) = preSolution
		HideSolutionNode = FALSE
	EndGlobalSection
	GlobalSection(ExtensibilityGlobals) = postSolution
		SolutionGuid = {5989AE4C-65D1-419F-ABC5-BA7EBB4A9662}
	EndGlobalSection
EndGlobal
